// !$*UTF8*$!
{
	archiveVersion = 1;
	classes = {
	};
	objectVersion = 46;
	objects = {

/* Begin PBXBuildFile section */
		217E82531A63774200263A00 /* AppDelegate.swift in Sources */ = {isa = PBXBuildFile; fileRef = 217E82521A63774200263A00 /* AppDelegate.swift */; };
		217E82551A63774200263A00 /* ViewController.swift in Sources */ = {isa = PBXBuildFile; fileRef = 217E82541A63774200263A00 /* ViewController.swift */; };
		217E82581A63774200263A00 /* Main.storyboard in Resources */ = {isa = PBXBuildFile; fileRef = 217E82561A63774200263A00 /* Main.storyboard */; };
		217E825A1A63774200263A00 /* Images.xcassets in Resources */ = {isa = PBXBuildFile; fileRef = 217E82591A63774200263A00 /* Images.xcassets */; };
		217E825D1A63774200263A00 /* LaunchScreen.xib in Resources */ = {isa = PBXBuildFile; fileRef = 217E825B1A63774200263A00 /* LaunchScreen.xib */; };
		217E82691A63774200263A00 /* TipCalculatorTests.swift in Sources */ = {isa = PBXBuildFile; fileRef = 217E82681A63774200263A00 /* TipCalculatorTests.swift */; };
		217E82731A63784C00263A00 /* TipCalculatorModel.swift in Sources */ = {isa = PBXBuildFile; fileRef = 217E82721A63784C00263A00 /* TipCalculatorModel.swift */; };
/* End PBXBuildFile section */

/* Begin PBXContainerItemProxy section */
		217E82631A63774200263A00 /* PBXContainerItemProxy */ = {
			isa = PBXContainerItemProxy;
			containerPortal = 217E82451A63774200263A00 /* Project object */;
			proxyType = 1;
			remoteGlobalIDString = 217E824C1A63774200263A00;
			remoteInfo = TipCalculator;
		};
/* End PBXContainerItemProxy section */

/* Begin PBXFileReference section */
		217E824D1A63774200263A00 /* TipCalculator.app */ = {isa = PBXFileReference; explicitFileType = wrapper.application; includeInIndex = 0; path = TipCalculator.app; sourceTree = BUILT_PRODUCTS_DIR; };
		217E82511A63774200263A00 /* Info.plist */ = {isa = PBXFileReference; lastKnownFileType = text.plist.xml; path = Info.plist; sourceTree = "<group>"; };
		217E82521A63774200263A00 /* AppDelegate.swift */ = {isa = PBXFileReference; lastKnownFileType = sourcecode.swift; path = AppDelegate.swift; sourceTree = "<group>"; };
		217E82541A63774200263A00 /* ViewController.swift */ = {isa = PBXFileReference; lastKnownFileType = sourcecode.swift; path = ViewController.swift; sourceTree = "<group>"; };
		217E82571A63774200263A00 /* Base */ = {isa = PBXFileReference; lastKnownFileType = file.storyboard; name = Base; path = Base.lproj/Main.storyboard; sourceTree = "<group>"; };
		217E82591A63774200263A00 /* Images.xcassets */ = {isa = PBXFileReference; lastKnownFileType = folder.assetcatalog; path = Images.xcassets; sourceTree = "<group>"; };
		217E825C1A63774200263A00 /* Base */ = {isa = PBXFileReference; lastKnownFileType = file.xib; name = Base; path = Base.lproj/LaunchScreen.xib; sourceTree = "<group>"; };
		217E82621A63774200263A00 /* TipCalculatorTests.xctest */ = {isa = PBXFileReference; explicitFileType = wrapper.cfbundle; includeInIndex = 0; path = TipCalculatorTests.xctest; sourceTree = BUILT_PRODUCTS_DIR; };
		217E82671A63774200263A00 /* Info.plist */ = {isa = PBXFileReference; lastKnownFileType = text.plist.xml; path = Info.plist; sourceTree = "<group>"; };
		217E82681A63774200263A00 /* TipCalculatorTests.swift */ = {isa = PBXFileReference; lastKnownFileType = sourcecode.swift; path = TipCalculatorTests.swift; sourceTree = "<group>"; };
		217E82721A63784C00263A00 /* TipCalculatorModel.swift */ = {isa = PBXFileReference; fileEncoding = 4; lastKnownFileType = sourcecode.swift; path = TipCalculatorModel.swift; sourceTree = "<group>"; };
/* End PBXFileReference section */

/* Begin PBXFrameworksBuildPhase section */
		217E824A1A63774200263A00 /* Frameworks */ = {
			isa = PBXFrameworksBuildPhase;
			buildActionMask = 2147483647;
			files = (
			);
			runOnlyForDeploymentPostprocessing = 0;
		};
		217E825F1A63774200263A00 /* Frameworks */ = {
			isa = PBXFrameworksBuildPhase;
			buildActionMask = 2147483647;
			files = (
			);
			runOnlyForDeploymentPostprocessing = 0;
		};
/* End PBXFrameworksBuildPhase section */

/* Begin PBXGroup section */
		217E82441A63774200263A00 = {
			isa = PBXGroup;
			children = (
				217E82721A63784C00263A00 /* TipCalculatorModel.swift */,
				217E824F1A63774200263A00 /* TipCalculator */,
				217E82651A63774200263A00 /* TipCalculatorTests */,
				217E824E1A63774200263A00 /* Products */,
			);
			sourceTree = "<group>";
		};
		217E824E1A63774200263A00 /* Products */ = {
			isa = PBXGroup;
			children = (
				217E824D1A63774200263A00 /* TipCalculator.app */,
				217E82621A63774200263A00 /* TipCalculatorTests.xctest */,
			);
			name = Products;
			sourceTree = "<group>";
		};
		217E824F1A63774200263A00 /* TipCalculator */ = {
			isa = PBXGroup;
			children = (
				217E82521A63774200263A00 /* AppDelegate.swift */,
				217E82541A63774200263A00 /* ViewController.swift */,
				217E82561A63774200263A00 /* Main.storyboard */,
				217E82591A63774200263A00 /* Images.xcassets */,
				217E825B1A63774200263A00 /* LaunchScreen.xib */,
				217E82501A63774200263A00 /* Supporting Files */,
			);
			path = TipCalculator;
			sourceTree = "<group>";
		};
		217E82501A63774200263A00 /* Supporting Files */ = {
			isa = PBXGroup;
			children = (
				217E82511A63774200263A00 /* Info.plist */,
			);
			name = "Supporting Files";
			sourceTree = "<group>";
		};
		217E82651A63774200263A00 /* TipCalculatorTests */ = {
			isa = PBXGroup;
			children = (
				217E82681A63774200263A00 /* TipCalculatorTests.swift */,
				217E82661A63774200263A00 /* Supporting Files */,
			);
			path = TipCalculatorTests;
			sourceTree = "<group>";
		};
		217E82661A63774200263A00 /* Supporting Files */ = {
			isa = PBXGroup;
			children = (
				217E82671A63774200263A00 /* Info.plist */,
			);
			name = "Supporting Files";
			sourceTree = "<group>";
		};
/* End PBXGroup section */

/* Begin PBXNativeTarget section */
		217E824C1A63774200263A00 /* TipCalculator */ = {
			isa = PBXNativeTarget;
			buildConfigurationList = 217E826C1A63774200263A00 /* Build configuration list for PBXNativeTarget "TipCalculator" */;
			buildPhases = (
				217E82491A63774200263A00 /* Sources */,
				217E824A1A63774200263A00 /* Frameworks */,
				217E824B1A63774200263A00 /* Resources */,
			);
			buildRules = (
			);
			dependencies = (
			);
			name = TipCalculator;
			productName = TipCalculator;
			productReference = 217E824D1A63774200263A00 /* TipCalculator.app */;
			productType = "com.apple.product-type.application";
		};
		217E82611A63774200263A00 /* TipCalculatorTests */ = {
			isa = PBXNativeTarget;
			buildConfigurationList = 217E826F1A63774200263A00 /* Build configuration list for PBXNativeTarget "TipCalculatorTests" */;
			buildPhases = (
				217E825E1A63774200263A00 /* Sources */,
				217E825F1A63774200263A00 /* Frameworks */,
				217E82601A63774200263A00 /* Resources */,
			);
			buildRules = (
			);
			dependencies = (
				217E82641A63774200263A00 /* PBXTargetDependency */,
			);
			name = TipCalculatorTests;
			productName = TipCalculatorTests;
			productReference = 217E82621A63774200263A00 /* TipCalculatorTests.xctest */;
			productType = "com.apple.product-type.bundle.unit-test";
		};
/* End PBXNativeTarget section */

/* Begin PBXProject section */
		217E82451A63774200263A00 /* Project object */ = {
			isa = PBXProject;
			attributes = {
				LastUpgradeCheck = 0610;
				ORGANIZATIONNAME = xing;
				TargetAttributes = {
					217E824C1A63774200263A00 = {
						CreatedOnToolsVersion = 6.1.1;
					};
					217E82611A63774200263A00 = {
						CreatedOnToolsVersion = 6.1.1;
						TestTargetID = 217E824C1A63774200263A00;
					};
				};
			};
			buildConfigurationList = 217E82481A63774200263A00 /* Build configuration list for PBXProject "TipCalculator" */;
			compatibilityVersion = "Xcode 3.2";
			developmentRegion = English;
			hasScannedForEncodings = 0;
			knownRegions = (
				en,
				Base,
			);
			mainGroup = 217E82441A63774200263A00;
			productRefGroup = 217E824E1A63774200263A00 /* Products */;
			projectDirPath = "";
			projectRoot = "";
			targets = (
				217E824C1A63774200263A00 /* TipCalculator */,
				217E82611A63774200263A00 /* TipCalculatorTests */,
			);
		};
/* End PBXProject section */

/* Begin PBXResourcesBuildPhase section */
		217E824B1A63774200263A00 /* Resources */ = {
			isa = PBXResourcesBuildPhase;
			buildActionMask = 2147483647;
			files = (
				217E82581A63774200263A00 /* Main.storyboard in Resources */,
				217E825D1A63774200263A00 /* LaunchScreen.xib in Resources */,
				217E825A1A63774200263A00 /* Images.xcassets in Resources */,
			);
			runOnlyForDeploymentPostprocessing = 0;
		};
		217E82601A63774200263A00 /* Resources */ = {
			isa = PBXResourcesBuildPhase;
			buildActionMask = 2147483647;
			files = (
			);
			runOnlyForDeploymentPostprocessing = 0;
		};
/* End PBXResourcesBuildPhase section */

/* Begin PBXSourcesBuildPhase section */
		217E82491A63774200263A00 /* Sources */ = {
			isa = PBXSourcesBuildPhase;
			buildActionMask = 2147483647;
			files = (
				217E82731A63784C00263A00 /* TipCalculatorModel.swift in Sources */,
				217E82551A63774200263A00 /* ViewController.swift in Sources */,
				217E82531A63774200263A00 /* AppDelegate.swift in Sources */,
			);
			runOnlyForDeploymentPostprocessing = 0;
		};
		217E825E1A63774200263A00 /* Sources */ = {
			isa = PBXSourcesBuildPhase;
			buildActionMask = 2147483647;
			files = (
				217E82691A63774200263A00 /* TipCalculatorTests.swift in Sources */,
			);
			runOnlyForDeploymentPostprocessing = 0;
		};
/* End PBXSourcesBuildPhase section */

/* Begin PBXTargetDependency section */
		217E82641A63774200263A00 /* PBXTargetDependency */ = {
			isa = PBXTargetDependency;
			target = 217E824C1A63774200263A00 /* TipCalculator */;
			targetProxy = 217E82631A63774200263A00 /* PBXContainerItemProxy */;
		};
/* End PBXTargetDependency section */

/* Begin PBXVariantGroup section */
		217E82561A63774200263A00 /* Main.storyboard */ = {
			isa = PBXVariantGroup;
			children = (
				217E82571A63774200263A00 /* Base */,
			);
			name = Main.storyboard;
			sourceTree = "<group>";
		};
		217E825B1A63774200263A00 /* LaunchScreen.xib */ = {
			isa = PBXVariantGroup;
			children = (
				217E825C1A63774200263A00 /* Base */,
			);
			name = LaunchScreen.xib;
			sourceTree = "<group>";
		};
/* End PBXVariantGroup section */

/* Begin XCBuildConfiguration section */
		217E826A1A63774200263A00 /* Debug */ = {
			isa = XCBuildConfiguration;
			buildSettings = {
				ALWAYS_SEARCH_USER_PATHS = NO;
				CLANG_CXX_LANGUAGE_STANDARD = "gnu++0x";
				CLANG_CXX_LIBRARY = "libc++";
				CLANG_ENABLE_MODULES = YES;
				CLANG_ENABLE_OBJC_ARC = YES;
				CLANG_WARN_BOOL_CONVERSION = YES;
				CLANG_WARN_CONSTANT_CONVERSION = YES;
				CLANG_WARN_DIRECT_OBJC_ISA_USAGE = YES_ERROR;
				CLANG_WARN_EMPTY_BODY = YES;
				CLANG_WARN_ENUM_CONVERSION = YES;
				CLANG_WARN_INT_CONVERSION = YES;
				CLANG_WARN_OBJC_ROOT_CLASS = YES_ERROR;
				CLANG_WARN_UNREACHABLE_CODE = YES;
				CLANG_WARN__DUPLICATE_METHOD_MATCH = YES;
				"CODE_SIGN_IDENTITY[sdk=iphoneos*]" = "iPhone Developer";
				COPY_PHASE_STRIP = NO;
				ENABLE_STRICT_OBJC_MSGSEND = YES;
				GCC_C_LANGUAGE_STANDARD = gnu99;
				GCC_DYNAMIC_NO_PIC = NO;
				GCC_OPTIMIZATION_LEVEL = 0;
				GCC_PREPROCESSOR_DEFINITIONS = (
					"DEBUG=1",
					"$(inherited)",
				);
				GCC_SYMBOLS_PRIVATE_EXTERN = NO;
				GCC_WARN_64_TO_32_BIT_CONVERSION = YES;
				GCC_WARN_ABOUT_RETURN_TYPE = YES_ERROR;
				GCC_WARN_UNDECLARED_SELECTOR = YES;
				GCC_WARN_UNINITIALIZED_AUTOS = YES_AGGRESSIVE;
				GCC_WARN_UNUSED_FUNCTION = YES;
				GCC_WARN_UNUSED_VARIABLE = YES;
				IPHONEOS_DEPLOYMENT_TARGET = 8.1;
				MTL_ENABLE_DEBUG_INFO = YES;
				ONLY_ACTIVE_ARCH = YES;
				SDKROOT = iphoneos;
				SWIFT_OPTIMIZATION_LEVEL = "-Onone";
			};
			name = Debug;
		};
		217E826B1A63774200263A00 /* Release */ = {
			isa = XCBuildConfiguration;
			buildSettings = {
				ALWAYS_SEARCH_USER_PATHS = NO;
				CLANG_CXX_LANGUAGE_STANDARD = "gnu++0x";
				CLANG_CXX_LIBRARY = "libc++";
				CLANG_ENABLE_MODULES = YES;
				CLANG_ENABLE_OBJC_ARC = YES;
				CLANG_WARN_BOOL_CONVERSION = YES;
				CLANG_WARN_CONSTANT_CONVERSION = YES;
				CLANG_WARN_DIRECT_OBJC_ISA_USAGE = YES_ERROR;
				CLANG_WARN_EMPTY_BODY = YES;
				CLANG_WARN_ENUM_CONVERSION = YES;
				CLANG_WARN_INT_CONVERSION = YES;
				CLANG_WARN_OBJC_ROOT_CLASS = YES_ERROR;
				CLANG_WARN_UNREACHABLE_CODE = YES;
				CLANG_WARN__DUPLICATE_METHOD_MATCH = YES;
				"CODE_SIGN_IDENTITY[sdk=iphoneos*]" = "iPhone Developer";
				COPY_PHASE_STRIP = YES;
				ENABLE_NS_ASSERTIONS = NO;
				ENABLE_STRICT_OBJC_MSGSEND = YES;
				GCC_C_LANGUAGE_STANDARD = gnu99;
				GCC_WARN_64_TO_32_BIT_CONVERSION = YES;
				GCC_WARN_ABOUT_RETURN_TYPE = YES_ERROR;
				GCC_WARN_UNDECLARED_SELECTOR = YES;
				GCC_WARN_UNINITIALIZED_AUTOS = YES_AGGRESSIVE;
				GCC_WARN_UNUSED_FUNCTION = YES;
				GCC_WARN_UNUSED_VARIABLE = YES;
				IPHONEOS_DEPLOYMENT_TARGET = 8.1;
				MTL_ENABLE_DEBUG_INFO = NO;
				SDKROOT = iphoneos;
				VALIDATE_PRODUCT = YES;
			};
			name = Release;
		};
		217E826D1A63774200263A00 /* Debug */ = {
			isa = XCBuildConfiguration;
			buildSettings = {
				ASSETCATALOG_COMPILER_APPICON_NAME = AppIcon;
				INFOPLIST_FILE = TipCalculator/Info.plist;
				LD_RUNPATH_SEARCH_PATHS = "$(inherited) @executable_path/Frameworks";
				PRODUCT_NAME = "$(TARGET_NAME)";
			};
			name = Debug;
		};
		217E826E1A63774200263A00 /* Release */ = {
			isa = XCBuildConfiguration;
			buildSettings = {
				ASSETCATALOG_COMPILER_APPICON_NAME = AppIcon;
				INFOPLIST_FILE = TipCalculator/Info.plist;
				LD_RUNPATH_SEARCH_PATHS = "$(inherited) @executable_path/Frameworks";
				PRODUCT_NAME = "$(TARGET_NAME)";
			};
			name = Release;
		};
		217E82701A63774200263A00 /* Debug */ = {
			isa = XCBuildConfiguration;
			buildSettings = {
				BUNDLE_LOADER = "$(TEST_HOST)";
				FRAMEWORK_SEARCH_PATHS = (
					"$(SDKROOT)/Developer/Library/Frameworks",
					"$(inherited)",
				);
				GCC_PREPROCESSOR_DEFINITIONS = (
					"DEBUG=1",
					"$(inherited)",
				);
				INFOPLIST_FILE = TipCalculatorTests/Info.plist;
				LD_RUNPATH_SEARCH_PATHS = "$(inherited) @executable_path/Frameworks @loader_path/Frameworks";
				PRODUCT_NAME = "$(TARGET_NAME)";
				TEST_HOST = "$(BUILT_PRODUCTS_DIR)/TipCalculator.app/TipCalculator";
			};
			name = Debug;
		};
		217E82711A63774200263A00 /* Release */ = {
			isa = XCBuildConfiguration;
			buildSettings = {
				BUNDLE_LOADER = "$(TEST_HOST)";
				FRAMEWORK_SEARCH_PATHS = (
					"$(SDKROOT)/Developer/Library/Frameworks",
					"$(inherited)",
				);
				INFOPLIST_FILE = TipCalculatorTests/Info.plist;
				LD_RUNPATH_SEARCH_PATHS = "$(inherited) @executable_path/Frameworks @loader_path/Frameworks";
				PRODUCT_NAME = "$(TARGET_NAME)";
				TEST_HOST = "$(BUILT_PRODUCTS_DIR)/TipCalculator.app/TipCalculator";
			};
			name = Release;
		};
/* End XCBuildConfiguration section */

/* Begin XCConfigurationList section */
		217E82481A63774200263A00 /* Build configuration list for PBXProject "TipCalculator" */ = {
			isa = XCConfigurationList;
			buildConfigurations = (
				217E826A1A63774200263A00 /* Debug */,
				217E826B1A63774200263A00 /* Release */,
			);
			defaultConfigurationIsVisible = 0;
			defaultConfigurationName = Release;
		};
		217E826C1A63774200263A00 /* Build configuration list for PBXNativeTarget "TipCalculator" */ = {
			isa = XCConfigurationList;
			buildConfigurations = (
				217E826D1A63774200263A00 /* Debug */,
				217E826E1A63774200263A00 /* Release */,
			);
			defaultConfigurationIsVisible = 0;
		};
		217E826F1A63774200263A00 /* Build configuration list for PBXNativeTarget "TipCalculatorTests" */ = {
			isa = XCConfigurationList;
			buildConfigurations = (
				217E82701A63774200263A00 /* Debug */,
				217E82711A63774200263A00 /* Release */,
			);
			defaultConfigurationIsVisible = 0;
		};
/* End XCConfigurationList section */
	};
	rootObject = 217E82451A63774200263A00 /* Project object */;
}
