// !$*UTF8*$!
{
	archiveVersion = 1;
	classes = {
	};
	objectVersion = 46;
	objects = {

/* Begin PBXBuildFile section */
		CEC40D7A1A62D23B00E8256C /* AppDelegate.swift in Sources */ = {isa = PBXBuildFile; fileRef = CEC40D791A62D23B00E8256C /* AppDelegate.swift */; };
		CEC40D7C1A62D23B00E8256C /* ViewController.swift in Sources */ = {isa = PBXBuildFile; fileRef = CEC40D7B1A62D23B00E8256C /* ViewController.swift */; };
		CEC40D7F1A62D23B00E8256C /* Main.storyboard in Resources */ = {isa = PBXBuildFile; fileRef = CEC40D7D1A62D23B00E8256C /* Main.storyboard */; };
		CEC40D811A62D23B00E8256C /* Images.xcassets in Resources */ = {isa = PBXBuildFile; fileRef = CEC40D801A62D23B00E8256C /* Images.xcassets */; };
		CEC40D841A62D23B00E8256C /* LaunchScreen.xib in Resources */ = {isa = PBXBuildFile; fileRef = CEC40D821A62D23B00E8256C /* LaunchScreen.xib */; };
		CEC40D901A62D23B00E8256C /* TipCalculatorTests.swift in Sources */ = {isa = PBXBuildFile; fileRef = CEC40D8F1A62D23B00E8256C /* TipCalculatorTests.swift */; };
		CEC40D9A1A62D27000E8256C /* TipCalculatorModel.swift in Sources */ = {isa = PBXBuildFile; fileRef = CEC40D991A62D27000E8256C /* TipCalculatorModel.swift */; };
/* End PBXBuildFile section */

/* Begin PBXContainerItemProxy section */
		CEC40D8A1A62D23B00E8256C /* PBXContainerItemProxy */ = {
			isa = PBXContainerItemProxy;
			containerPortal = CEC40D6C1A62D23B00E8256C /* Project object */;
			proxyType = 1;
			remoteGlobalIDString = CEC40D731A62D23B00E8256C;
			remoteInfo = TipCalculator;
		};
/* End PBXContainerItemProxy section */

/* Begin PBXFileReference section */
		CEC40D741A62D23B00E8256C /* TipCalculator.app */ = {isa = PBXFileReference; explicitFileType = wrapper.application; includeInIndex = 0; path = TipCalculator.app; sourceTree = BUILT_PRODUCTS_DIR; };
		CEC40D781A62D23B00E8256C /* Info.plist */ = {isa = PBXFileReference; lastKnownFileType = text.plist.xml; path = Info.plist; sourceTree = "<group>"; };
		CEC40D791A62D23B00E8256C /* AppDelegate.swift */ = {isa = PBXFileReference; lastKnownFileType = sourcecode.swift; path = AppDelegate.swift; sourceTree = "<group>"; };
		CEC40D7B1A62D23B00E8256C /* ViewController.swift */ = {isa = PBXFileReference; lastKnownFileType = sourcecode.swift; path = ViewController.swift; sourceTree = "<group>"; };
		CEC40D7E1A62D23B00E8256C /* Base */ = {isa = PBXFileReference; lastKnownFileType = file.storyboard; name = Base; path = Base.lproj/Main.storyboard; sourceTree = "<group>"; };
		CEC40D801A62D23B00E8256C /* Images.xcassets */ = {isa = PBXFileReference; lastKnownFileType = folder.assetcatalog; path = Images.xcassets; sourceTree = "<group>"; };
		CEC40D831A62D23B00E8256C /* Base */ = {isa = PBXFileReference; lastKnownFileType = file.xib; name = Base; path = Base.lproj/LaunchScreen.xib; sourceTree = "<group>"; };
		CEC40D891A62D23B00E8256C /* TipCalculatorTests.xctest */ = {isa = PBXFileReference; explicitFileType = wrapper.cfbundle; includeInIndex = 0; path = TipCalculatorTests.xctest; sourceTree = BUILT_PRODUCTS_DIR; };
		CEC40D8E1A62D23B00E8256C /* Info.plist */ = {isa = PBXFileReference; lastKnownFileType = text.plist.xml; path = Info.plist; sourceTree = "<group>"; };
		CEC40D8F1A62D23B00E8256C /* TipCalculatorTests.swift */ = {isa = PBXFileReference; lastKnownFileType = sourcecode.swift; path = TipCalculatorTests.swift; sourceTree = "<group>"; };
		CEC40D991A62D27000E8256C /* TipCalculatorModel.swift */ = {isa = PBXFileReference; fileEncoding = 4; lastKnownFileType = sourcecode.swift; path = TipCalculatorModel.swift; sourceTree = "<group>"; };
/* End PBXFileReference section */

/* Begin PBXFrameworksBuildPhase section */
		CEC40D711A62D23B00E8256C /* Frameworks */ = {
			isa = PBXFrameworksBuildPhase;
			buildActionMask = 2147483647;
			files = (
			);
			runOnlyForDeploymentPostprocessing = 0;
		};
		CEC40D861A62D23B00E8256C /* Frameworks */ = {
			isa = PBXFrameworksBuildPhase;
			buildActionMask = 2147483647;
			files = (
			);
			runOnlyForDeploymentPostprocessing = 0;
		};
/* End PBXFrameworksBuildPhase section */

/* Begin PBXGroup section */
		CEC40D6B1A62D23B00E8256C = {
			isa = PBXGroup;
			children = (
				CEC40D761A62D23B00E8256C /* TipCalculator */,
				CEC40D8C1A62D23B00E8256C /* TipCalculatorTests */,
				CEC40D751A62D23B00E8256C /* Products */,
			);
			sourceTree = "<group>";
		};
		CEC40D751A62D23B00E8256C /* Products */ = {
			isa = PBXGroup;
			children = (
				CEC40D741A62D23B00E8256C /* TipCalculator.app */,
				CEC40D891A62D23B00E8256C /* TipCalculatorTests.xctest */,
			);
			name = Products;
			sourceTree = "<group>";
		};
		CEC40D761A62D23B00E8256C /* TipCalculator */ = {
			isa = PBXGroup;
			children = (
				CEC40D791A62D23B00E8256C /* AppDelegate.swift */,
				CEC40D7B1A62D23B00E8256C /* ViewController.swift */,
				CEC40D7D1A62D23B00E8256C /* Main.storyboard */,
				CEC40D801A62D23B00E8256C /* Images.xcassets */,
				CEC40D821A62D23B00E8256C /* LaunchScreen.xib */,
				CEC40D771A62D23B00E8256C /* Supporting Files */,
				CEC40D991A62D27000E8256C /* TipCalculatorModel.swift */,
			);
			path = TipCalculator;
			sourceTree = "<group>";
		};
		CEC40D771A62D23B00E8256C /* Supporting Files */ = {
			isa = PBXGroup;
			children = (
				CEC40D781A62D23B00E8256C /* Info.plist */,
			);
			name = "Supporting Files";
			sourceTree = "<group>";
		};
		CEC40D8C1A62D23B00E8256C /* TipCalculatorTests */ = {
			isa = PBXGroup;
			children = (
				CEC40D8F1A62D23B00E8256C /* TipCalculatorTests.swift */,
				CEC40D8D1A62D23B00E8256C /* Supporting Files */,
			);
			path = TipCalculatorTests;
			sourceTree = "<group>";
		};
		CEC40D8D1A62D23B00E8256C /* Supporting Files */ = {
			isa = PBXGroup;
			children = (
				CEC40D8E1A62D23B00E8256C /* Info.plist */,
			);
			name = "Supporting Files";
			sourceTree = "<group>";
		};
/* End PBXGroup section */

/* Begin PBXNativeTarget section */
		CEC40D731A62D23B00E8256C /* TipCalculator */ = {
			isa = PBXNativeTarget;
			buildConfigurationList = CEC40D931A62D23B00E8256C /* Build configuration list for PBXNativeTarget "TipCalculator" */;
			buildPhases = (
				CEC40D701A62D23B00E8256C /* Sources */,
				CEC40D711A62D23B00E8256C /* Frameworks */,
				CEC40D721A62D23B00E8256C /* Resources */,
			);
			buildRules = (
			);
			dependencies = (
			);
			name = TipCalculator;
			productName = TipCalculator;
			productReference = CEC40D741A62D23B00E8256C /* TipCalculator.app */;
			productType = "com.apple.product-type.application";
		};
		CEC40D881A62D23B00E8256C /* TipCalculatorTests */ = {
			isa = PBXNativeTarget;
			buildConfigurationList = CEC40D961A62D23B00E8256C /* Build configuration list for PBXNativeTarget "TipCalculatorTests" */;
			buildPhases = (
				CEC40D851A62D23B00E8256C /* Sources */,
				CEC40D861A62D23B00E8256C /* Frameworks */,
				CEC40D871A62D23B00E8256C /* Resources */,
			);
			buildRules = (
			);
			dependencies = (
				CEC40D8B1A62D23B00E8256C /* PBXTargetDependency */,
			);
			name = TipCalculatorTests;
			productName = TipCalculatorTests;
			productReference = CEC40D891A62D23B00E8256C /* TipCalculatorTests.xctest */;
			productType = "com.apple.product-type.bundle.unit-test";
		};
/* End PBXNativeTarget section */

/* Begin PBXProject section */
		CEC40D6C1A62D23B00E8256C /* Project object */ = {
			isa = PBXProject;
			attributes = {
				LastUpgradeCheck = 0610;
				ORGANIZATIONNAME = Fung;
				TargetAttributes = {
					CEC40D731A62D23B00E8256C = {
						CreatedOnToolsVersion = 6.1.1;
					};
					CEC40D881A62D23B00E8256C = {
						CreatedOnToolsVersion = 6.1.1;
						TestTargetID = CEC40D731A62D23B00E8256C;
					};
				};
			};
			buildConfigurationList = CEC40D6F1A62D23B00E8256C /* Build configuration list for PBXProject "TipCalculator" */;
			compatibilityVersion = "Xcode 3.2";
			developmentRegion = English;
			hasScannedForEncodings = 0;
			knownRegions = (
				en,
				Base,
			);
			mainGroup = CEC40D6B1A62D23B00E8256C;
			productRefGroup = CEC40D751A62D23B00E8256C /* Products */;
			projectDirPath = "";
			projectRoot = "";
			targets = (
				CEC40D731A62D23B00E8256C /* TipCalculator */,
				CEC40D881A62D23B00E8256C /* TipCalculatorTests */,
			);
		};
/* End PBXProject section */

/* Begin PBXResourcesBuildPhase section */
		CEC40D721A62D23B00E8256C /* Resources */ = {
			isa = PBXResourcesBuildPhase;
			buildActionMask = 2147483647;
			files = (
				CEC40D7F1A62D23B00E8256C /* Main.storyboard in Resources */,
				CEC40D841A62D23B00E8256C /* LaunchScreen.xib in Resources */,
				CEC40D811A62D23B00E8256C /* Images.xcassets in Resources */,
			);
			runOnlyForDeploymentPostprocessing = 0;
		};
		CEC40D871A62D23B00E8256C /* Resources */ = {
			isa = PBXResourcesBuildPhase;
			buildActionMask = 2147483647;
			files = (
			);
			runOnlyForDeploymentPostprocessing = 0;
		};
/* End PBXResourcesBuildPhase section */

/* Begin PBXSourcesBuildPhase section */
		CEC40D701A62D23B00E8256C /* Sources */ = {
			isa = PBXSourcesBuildPhase;
			buildActionMask = 2147483647;
			files = (
				CEC40D9A1A62D27000E8256C /* TipCalculatorModel.swift in Sources */,
				CEC40D7C1A62D23B00E8256C /* ViewController.swift in Sources */,
				CEC40D7A1A62D23B00E8256C /* AppDelegate.swift in Sources */,
			);
			runOnlyForDeploymentPostprocessing = 0;
		};
		CEC40D851A62D23B00E8256C /* Sources */ = {
			isa = PBXSourcesBuildPhase;
			buildActionMask = 2147483647;
			files = (
				CEC40D901A62D23B00E8256C /* TipCalculatorTests.swift in Sources */,
			);
			runOnlyForDeploymentPostprocessing = 0;
		};
/* End PBXSourcesBuildPhase section */

/* Begin PBXTargetDependency section */
		CEC40D8B1A62D23B00E8256C /* PBXTargetDependency */ = {
			isa = PBXTargetDependency;
			target = CEC40D731A62D23B00E8256C /* TipCalculator */;
			targetProxy = CEC40D8A1A62D23B00E8256C /* PBXContainerItemProxy */;
		};
/* End PBXTargetDependency section */

/* Begin PBXVariantGroup section */
		CEC40D7D1A62D23B00E8256C /* Main.storyboard */ = {
			isa = PBXVariantGroup;
			children = (
				CEC40D7E1A62D23B00E8256C /* Base */,
			);
			name = Main.storyboard;
			sourceTree = "<group>";
		};
		CEC40D821A62D23B00E8256C /* LaunchScreen.xib */ = {
			isa = PBXVariantGroup;
			children = (
				CEC40D831A62D23B00E8256C /* Base */,
			);
			name = LaunchScreen.xib;
			sourceTree = "<group>";
		};
/* End PBXVariantGroup section */

/* Begin XCBuildConfiguration section */
		CEC40D911A62D23B00E8256C /* Debug */ = {
			isa = XCBuildConfiguration;
			buildSettings = {
				ALWAYS_SEARCH_USER_PATHS = NO;
				CLANG_CXX_LANGUAGE_STANDARD = "gnu++0x";
				CLANG_CXX_LIBRARY = "libc++";
				CLANG_ENABLE_MODULES = YES;
				CLANG_ENABLE_OBJC_ARC = YES;
				CLANG_WARN_BOOL_CONVERSION = YES;
				CLANG_WARN_CONSTANT_CONVERSION = YES;
				CLANG_WARN_DIRECT_OBJC_ISA_USAGE = YES_ERROR;
				CLANG_WARN_EMPTY_BODY = YES;
				CLANG_WARN_ENUM_CONVERSION = YES;
				CLANG_WARN_INT_CONVERSION = YES;
				CLANG_WARN_OBJC_ROOT_CLASS = YES_ERROR;
				CLANG_WARN_UNREACHABLE_CODE = YES;
				CLANG_WARN__DUPLICATE_METHOD_MATCH = YES;
				"CODE_SIGN_IDENTITY[sdk=iphoneos*]" = "iPhone Developer";
				COPY_PHASE_STRIP = NO;
				ENABLE_STRICT_OBJC_MSGSEND = YES;
				GCC_C_LANGUAGE_STANDARD = gnu99;
				GCC_DYNAMIC_NO_PIC = NO;
				GCC_OPTIMIZATION_LEVEL = 0;
				GCC_PREPROCESSOR_DEFINITIONS = (
					"DEBUG=1",
					"$(inherited)",
				);
				GCC_SYMBOLS_PRIVATE_EXTERN = NO;
				GCC_WARN_64_TO_32_BIT_CONVERSION = YES;
				GCC_WARN_ABOUT_RETURN_TYPE = YES_ERROR;
				GCC_WARN_UNDECLARED_SELECTOR = YES;
				GCC_WARN_UNINITIALIZED_AUTOS = YES_AGGRESSIVE;
				GCC_WARN_UNUSED_FUNCTION = YES;
				GCC_WARN_UNUSED_VARIABLE = YES;
				IPHONEOS_DEPLOYMENT_TARGET = 8.1;
				MTL_ENABLE_DEBUG_INFO = YES;
				ONLY_ACTIVE_ARCH = YES;
				SDKROOT = iphoneos;
				SWIFT_OPTIMIZATION_LEVEL = "-Onone";
			};
			name = Debug;
		};
		CEC40D921A62D23B00E8256C /* Release */ = {
			isa = XCBuildConfiguration;
			buildSettings = {
				ALWAYS_SEARCH_USER_PATHS = NO;
				CLANG_CXX_LANGUAGE_STANDARD = "gnu++0x";
				CLANG_CXX_LIBRARY = "libc++";
				CLANG_ENABLE_MODULES = YES;
				CLANG_ENABLE_OBJC_ARC = YES;
				CLANG_WARN_BOOL_CONVERSION = YES;
				CLANG_WARN_CONSTANT_CONVERSION = YES;
				CLANG_WARN_DIRECT_OBJC_ISA_USAGE = YES_ERROR;
				CLANG_WARN_EMPTY_BODY = YES;
				CLANG_WARN_ENUM_CONVERSION = YES;
				CLANG_WARN_INT_CONVERSION = YES;
				CLANG_WARN_OBJC_ROOT_CLASS = YES_ERROR;
				CLANG_WARN_UNREACHABLE_CODE = YES;
				CLANG_WARN__DUPLICATE_METHOD_MATCH = YES;
				"CODE_SIGN_IDENTITY[sdk=iphoneos*]" = "iPhone Developer";
				COPY_PHASE_STRIP = YES;
				ENABLE_NS_ASSERTIONS = NO;
				ENABLE_STRICT_OBJC_MSGSEND = YES;
				GCC_C_LANGUAGE_STANDARD = gnu99;
				GCC_WARN_64_TO_32_BIT_CONVERSION = YES;
				GCC_WARN_ABOUT_RETURN_TYPE = YES_ERROR;
				GCC_WARN_UNDECLARED_SELECTOR = YES;
				GCC_WARN_UNINITIALIZED_AUTOS = YES_AGGRESSIVE;
				GCC_WARN_UNUSED_FUNCTION = YES;
				GCC_WARN_UNUSED_VARIABLE = YES;
				IPHONEOS_DEPLOYMENT_TARGET = 8.1;
				MTL_ENABLE_DEBUG_INFO = NO;
				SDKROOT = iphoneos;
				VALIDATE_PRODUCT = YES;
			};
			name = Release;
		};
		CEC40D941A62D23B00E8256C /* Debug */ = {
			isa = XCBuildConfiguration;
			buildSettings = {
				ASSETCATALOG_COMPILER_APPICON_NAME = AppIcon;
				INFOPLIST_FILE = TipCalculator/Info.plist;
				LD_RUNPATH_SEARCH_PATHS = "$(inherited) @executable_path/Frameworks";
				PRODUCT_NAME = "$(TARGET_NAME)";
			};
			name = Debug;
		};
		CEC40D951A62D23B00E8256C /* Release */ = {
			isa = XCBuildConfiguration;
			buildSettings = {
				ASSETCATALOG_COMPILER_APPICON_NAME = AppIcon;
				INFOPLIST_FILE = TipCalculator/Info.plist;
				LD_RUNPATH_SEARCH_PATHS = "$(inherited) @executable_path/Frameworks";
				PRODUCT_NAME = "$(TARGET_NAME)";
			};
			name = Release;
		};
		CEC40D971A62D23B00E8256C /* Debug */ = {
			isa = XCBuildConfiguration;
			buildSettings = {
				BUNDLE_LOADER = "$(TEST_HOST)";
				FRAMEWORK_SEARCH_PATHS = (
					"$(SDKROOT)/Developer/Library/Frameworks",
					"$(inherited)",
				);
				GCC_PREPROCESSOR_DEFINITIONS = (
					"DEBUG=1",
					"$(inherited)",
				);
				INFOPLIST_FILE = TipCalculatorTests/Info.plist;
				LD_RUNPATH_SEARCH_PATHS = "$(inherited) @executable_path/Frameworks @loader_path/Frameworks";
				PRODUCT_NAME = "$(TARGET_NAME)";
				TEST_HOST = "$(BUILT_PRODUCTS_DIR)/TipCalculator.app/TipCalculator";
			};
			name = Debug;
		};
		CEC40D981A62D23B00E8256C /* Release */ = {
			isa = XCBuildConfiguration;
			buildSettings = {
				BUNDLE_LOADER = "$(TEST_HOST)";
				FRAMEWORK_SEARCH_PATHS = (
					"$(SDKROOT)/Developer/Library/Frameworks",
					"$(inherited)",
				);
				INFOPLIST_FILE = TipCalculatorTests/Info.plist;
				LD_RUNPATH_SEARCH_PATHS = "$(inherited) @executable_path/Frameworks @loader_path/Frameworks";
				PRODUCT_NAME = "$(TARGET_NAME)";
				TEST_HOST = "$(BUILT_PRODUCTS_DIR)/TipCalculator.app/TipCalculator";
			};
			name = Release;
		};
/* End XCBuildConfiguration section */

/* Begin XCConfigurationList section */
		CEC40D6F1A62D23B00E8256C /* Build configuration list for PBXProject "TipCalculator" */ = {
			isa = XCConfigurationList;
			buildConfigurations = (
				CEC40D911A62D23B00E8256C /* Debug */,
				CEC40D921A62D23B00E8256C /* Release */,
			);
			defaultConfigurationIsVisible = 0;
			defaultConfigurationName = Release;
		};
		CEC40D931A62D23B00E8256C /* Build configuration list for PBXNativeTarget "TipCalculator" */ = {
			isa = XCConfigurationList;
			buildConfigurations = (
				CEC40D941A62D23B00E8256C /* Debug */,
				CEC40D951A62D23B00E8256C /* Release */,
			);
			defaultConfigurationIsVisible = 0;
		};
		CEC40D961A62D23B00E8256C /* Build configuration list for PBXNativeTarget "TipCalculatorTests" */ = {
			isa = XCConfigurationList;
			buildConfigurations = (
				CEC40D971A62D23B00E8256C /* Debug */,
				CEC40D981A62D23B00E8256C /* Release */,
			);
			defaultConfigurationIsVisible = 0;
		};
/* End XCConfigurationList section */
	};
	rootObject = CEC40D6C1A62D23B00E8256C /* Project object */;
}
